
Microsoft Visual Studio Solution File, Format Version 12.00
# Visual Studio Version 17
VisualStudioVersion = 17.6.33723.286
MinimumVisualStudioVersion = 10.0.40219.1
Project("{2150E333-8FDC-42A3-9474-1A3956D46DE8}") = "00-Presentation", "00-Presentation", "{3E8824B6-B67C-4EEE-878A-68595FD65BB5}"
EndProject
Project("{2150E333-8FDC-42A3-9474-1A3956D46DE8}") = "01-Services", "01-Services", "{044D10B2-3891-4C6E-9B97-E0D048D1C321}"
EndProject
Project("{2150E333-8FDC-42A3-9474-1A3956D46DE8}") = "02-Application", "02-Application", "{27DEC918-0F17-40FA-8E73-57F3AD1EC99B}"
EndProject
Project("{2150E333-8FDC-42A3-9474-1A3956D46DE8}") = "03-Domain", "03-Domain", "{BC0EBCB9-DD6A-48D5-A637-CD4197DBA8FC}"
EndProject
Project("{2150E333-8FDC-42A3-9474-1A3956D46DE8}") = "04-Infra", "04-Infra", "{C4530FB7-54BD-474F-9B5A-C9311441C32C}"
EndProject
Project("{2150E333-8FDC-42A3-9474-1A3956D46DE8}") = "05-Tests", "05-Tests", "{3DCA9B63-B6B4-4A28-9587-F1177B35ADA2}"
EndProject
Project("{9A19103F-16F7-4668-BE54-9A1E7A4F7556}") = "ALAYSchoolManager.Infra.Data", "src\ALAYSchoolManagment.Infra.Data\ALAYSchoolManager.Infra.Data.csproj", "{EE67947E-AE4C-4AC4-BA92-135480EC753E}"
EndProject
Project("{9A19103F-16F7-4668-BE54-9A1E7A4F7556}") = "ALAYSchoolManager.Infra.CrossCutting", "src\ALAYSchoolManagment.Infra.CrossCutting\ALAYSchoolManager.Infra.CrossCutting.csproj", "{FAD76ACD-0E7D-40DA-AD24-3DB238520627}"
EndProject
Project("{9A19103F-16F7-4668-BE54-9A1E7A4F7556}") = "ALAYSchoolManager.Domain", "src\ALAYSchoolManagment.Domain\ALAYSchoolManager.Domain.csproj", "{D9F187E1-99CD-4E4D-8CA8-6C9DDE25789A}"
EndProject
Project("{9A19103F-16F7-4668-BE54-9A1E7A4F7556}") = "ALAYSchoolManager.Presentation.IU", "src\ALAYSchoolManagment.IU\ALAYSchoolManager.Presentation.IU.csproj", "{1FF695D2-AE88-43CC-B638-56140ECC91B2}"
EndProject
Project("{2150E333-8FDC-42A3-9474-1A3956D46DE8}") = "4.1", "4.1", "{FEDECD2E-C9CB-4F59-96AA-B64FC953E17A}"
EndProject
Project("{2150E333-8FDC-42A3-9474-1A3956D46DE8}") = "4.2", "4.2", "{CB4AD18C-F97C-4D2C-A9A9-AEB461826BCC}"
EndProject
Project("{9A19103F-16F7-4668-BE54-9A1E7A4F7556}") = "ALAYSchoolManager.Application", "src\ALAYSchoolManagment.Application\ALAYSchoolManager.Application.csproj", "{54A466EA-A760-42E5-B4B3-C8005EA1501A}"
EndProject
Project("{FAE04EC0-301F-11D3-BF4B-00C04F79EFBC}") = "AlaySchoolManager.UnitTests", "tests\AlaySchoolManager.UnitTests\AlaySchoolManager.UnitTests.csproj", "{9E5BA3A3-4869-409C-B0C8-9F0AF621A6A8}"
EndProject
Global
	GlobalSection(SolutionConfigurationPlatforms) = preSolution
		Debug|Any CPU = Debug|Any CPU
		Release|Any CPU = Release|Any CPU
	EndGlobalSection
	GlobalSection(ProjectConfigurationPlatforms) = postSolution
		{EE67947E-AE4C-4AC4-BA92-135480EC753E}.Debug|Any CPU.ActiveCfg = Debug|Any CPU
		{EE67947E-AE4C-4AC4-BA92-135480EC753E}.Debug|Any CPU.Build.0 = Debug|Any CPU
		{EE67947E-AE4C-4AC4-BA92-135480EC753E}.Release|Any CPU.ActiveCfg = Release|Any CPU
		{EE67947E-AE4C-4AC4-BA92-135480EC753E}.Release|Any CPU.Build.0 = Release|Any CPU
		{FAD76ACD-0E7D-40DA-AD24-3DB238520627}.Debug|Any CPU.ActiveCfg = Debug|Any CPU
		{FAD76ACD-0E7D-40DA-AD24-3DB238520627}.Debug|Any CPU.Build.0 = Debug|Any CPU
		{FAD76ACD-0E7D-40DA-AD24-3DB238520627}.Release|Any CPU.ActiveCfg = Release|Any CPU
		{FAD76ACD-0E7D-40DA-AD24-3DB238520627}.Release|Any CPU.Build.0 = Release|Any CPU
		{D9F187E1-99CD-4E4D-8CA8-6C9DDE25789A}.Debug|Any CPU.ActiveCfg = Debug|Any CPU
		{D9F187E1-99CD-4E4D-8CA8-6C9DDE25789A}.Debug|Any CPU.Build.0 = Debug|Any CPU
		{D9F187E1-99CD-4E4D-8CA8-6C9DDE25789A}.Release|Any CPU.ActiveCfg = Release|Any CPU
		{D9F187E1-99CD-4E4D-8CA8-6C9DDE25789A}.Release|Any CPU.Build.0 = Release|Any CPU
		{1FF695D2-AE88-43CC-B638-56140ECC91B2}.Debug|Any CPU.ActiveCfg = Debug|Any CPU
		{1FF695D2-AE88-43CC-B638-56140ECC91B2}.Debug|Any CPU.Build.0 = Debug|Any CPU
		{1FF695D2-AE88-43CC-B638-56140ECC91B2}.Release|Any CPU.ActiveCfg = Release|Any CPU
		{1FF695D2-AE88-43CC-B638-56140ECC91B2}.Release|Any CPU.Build.0 = Release|Any CPU
		{54A466EA-A760-42E5-B4B3-C8005EA1501A}.Debug|Any CPU.ActiveCfg = Debug|Any CPU
		{54A466EA-A760-42E5-B4B3-C8005EA1501A}.Debug|Any CPU.Build.0 = Debug|Any CPU
		{54A466EA-A760-42E5-B4B3-C8005EA1501A}.Release|Any CPU.ActiveCfg = Release|Any CPU
		{54A466EA-A760-42E5-B4B3-C8005EA1501A}.Release|Any CPU.Build.0 = Release|Any CPU
		{9E5BA3A3-4869-409C-B0C8-9F0AF621A6A8}.Debug|Any CPU.ActiveCfg = Debug|Any CPU
		{9E5BA3A3-4869-409C-B0C8-9F0AF621A6A8}.Debug|Any CPU.Build.0 = Debug|Any CPU
		{9E5BA3A3-4869-409C-B0C8-9F0AF621A6A8}.Release|Any CPU.ActiveCfg = Release|Any CPU
		{9E5BA3A3-4869-409C-B0C8-9F0AF621A6A8}.Release|Any CPU.Build.0 = Release|Any CPU
	EndGlobalSection
	GlobalSection(SolutionProperties) = preSolution
		HideSolutionNode = FALSE
	EndGlobalSection
	GlobalSection(NestedProjects) = preSolution
		{EE67947E-AE4C-4AC4-BA92-135480EC753E} = {FEDECD2E-C9CB-4F59-96AA-B64FC953E17A}
		{FAD76ACD-0E7D-40DA-AD24-3DB238520627} = {CB4AD18C-F97C-4D2C-A9A9-AEB461826BCC}
		{D9F187E1-99CD-4E4D-8CA8-6C9DDE25789A} = {BC0EBCB9-DD6A-48D5-A637-CD4197DBA8FC}
		{1FF695D2-AE88-43CC-B638-56140ECC91B2} = {3E8824B6-B67C-4EEE-878A-68595FD65BB5}
		{FEDECD2E-C9CB-4F59-96AA-B64FC953E17A} = {C4530FB7-54BD-474F-9B5A-C9311441C32C}
		{CB4AD18C-F97C-4D2C-A9A9-AEB461826BCC} = {C4530FB7-54BD-474F-9B5A-C9311441C32C}
		{54A466EA-A760-42E5-B4B3-C8005EA1501A} = {27DEC918-0F17-40FA-8E73-57F3AD1EC99B}
		{9E5BA3A3-4869-409C-B0C8-9F0AF621A6A8} = {3DCA9B63-B6B4-4A28-9587-F1177B35ADA2}
	EndGlobalSection
	GlobalSection(ExtensibilityGlobals) = postSolution
		SolutionGuid = {D3DEC6EC-7923-4FB7-AE70-6F9BF5A05293}
	EndGlobalSection
EndGlobal
